{
  "version": 4,
  "terraform_version": "0.12.28",
  "serial": 816,
  "lineage": "3db259d4-3b74-cb7a-d53e-a027229f4d10",
  "outputs": {
    "alb": {
      "value": {
        "arn": "arn:aws:elasticloadbalancing:ap-northeast-1:460256653427:loadbalancer/app/example-alb/a34e928505b81ada",
        "dns_name": "example-alb-1965886011.ap-northeast-1.elb.amazonaws.com",
        "target_group_arn": "arn:aws:elasticloadbalancing:ap-northeast-1:460256653427:targetgroup/alb-example-tg/67b92e59eb310718"
      },
      "type": [
        "object",
        {
          "arn": "string",
          "dns_name": "string",
          "target_group_arn": "string"
        }
      ]
    }
  },
  "resources": [
    {
      "mode": "data",
      "type": "aws_elb_service_account",
      "name": "alb_log",
      "provider": "provider.aws",
      "instances": [
        {
          "schema_version": 0,
          "attributes": {
            "arn": "arn:aws:iam::582318560864:root",
            "id": "582318560864",
            "region": null
          }
        }
      ]
    },
    {
      "mode": "data",
      "type": "aws_iam_policy",
      "name": "systems_manager",
      "provider": "provider.aws",
      "instances": [
        {
          "schema_version": 0,
          "attributes": {
            "arn": "arn:aws:iam::aws:policy/AmazonSSMManagedInstanceCore",
            "description": "The policy for Amazon EC2 Role to enable AWS Systems Manager service core functionality.",
            "id": "arn:aws:iam::aws:policy/AmazonSSMManagedInstanceCore",
            "name": "AmazonSSMManagedInstanceCore",
            "path": "/",
            "policy": "{\n    \"Version\": \"2012-10-17\",\n    \"Statement\": [\n        {\n            \"Effect\": \"Allow\",\n            \"Action\": [\n                \"ssm:DescribeAssociation\",\n                \"ssm:GetDeployablePatchSnapshotForInstance\",\n                \"ssm:GetDocument\",\n                \"ssm:DescribeDocument\",\n                \"ssm:GetManifest\",\n                \"ssm:GetParameter\",\n                \"ssm:GetParameters\",\n                \"ssm:ListAssociations\",\n                \"ssm:ListInstanceAssociations\",\n                \"ssm:PutInventory\",\n                \"ssm:PutComplianceItems\",\n                \"ssm:PutConfigurePackageResult\",\n                \"ssm:UpdateAssociationStatus\",\n                \"ssm:UpdateInstanceAssociationStatus\",\n                \"ssm:UpdateInstanceInformation\"\n            ],\n            \"Resource\": \"*\"\n        },\n        {\n            \"Effect\": \"Allow\",\n            \"Action\": [\n                \"ssmmessages:CreateControlChannel\",\n                \"ssmmessages:CreateDataChannel\",\n                \"ssmmessages:OpenControlChannel\",\n                \"ssmmessages:OpenDataChannel\"\n            ],\n            \"Resource\": \"*\"\n        },\n        {\n            \"Effect\": \"Allow\",\n            \"Action\": [\n                \"ec2messages:AcknowledgeMessage\",\n                \"ec2messages:DeleteMessage\",\n                \"ec2messages:FailMessage\",\n                \"ec2messages:GetEndpoint\",\n                \"ec2messages:GetMessages\",\n                \"ec2messages:SendReply\"\n            ],\n            \"Resource\": \"*\"\n        }\n    ]\n}"
          }
        }
      ]
    },
    {
      "mode": "data",
      "type": "aws_iam_policy_document",
      "name": "alb_log",
      "provider": "provider.aws",
      "instances": [
        {
          "schema_version": 0,
          "attributes": {
            "id": "3599982647",
            "json": "{\n  \"Version\": \"2012-10-17\",\n  \"Statement\": [\n    {\n      \"Sid\": \"\",\n      \"Effect\": \"Allow\",\n      \"Action\": \"s3:PutObject\",\n      \"Resource\": \"arn:aws:s3:::rails-example-alb-log/*\",\n      \"Principal\": {\n        \"AWS\": \"arn:aws:iam::582318560864:root\"\n      }\n    }\n  ]\n}",
            "override_json": null,
            "policy_id": null,
            "source_json": null,
            "statement": [
              {
                "actions": [
                  "s3:PutObject"
                ],
                "condition": [],
                "effect": "Allow",
                "not_actions": [],
                "not_principals": [],
                "not_resources": [],
                "principals": [
                  {
                    "identifiers": [
                      "arn:aws:iam::582318560864:root"
                    ],
                    "type": "AWS"
                  }
                ],
                "resources": [
                  "arn:aws:s3:::rails-example-alb-log/*"
                ],
                "sid": ""
              }
            ],
            "version": "2012-10-17"
          }
        }
      ]
    },
    {
      "mode": "data",
      "type": "aws_iam_policy_document",
      "name": "assume_role",
      "provider": "provider.aws",
      "instances": [
        {
          "schema_version": 0,
          "attributes": {
            "id": "1464334659",
            "json": "{\n  \"Version\": \"2012-10-17\",\n  \"Statement\": [\n    {\n      \"Sid\": \"\",\n      \"Effect\": \"Allow\",\n      \"Action\": \"sts:AssumeRole\",\n      \"Principal\": {\n        \"Service\": [\n          \"spotfleet.amazonaws.com\",\n          \"s3.amazonaws.com\",\n          \"ec2.amazonaws.com\"\n        ]\n      }\n    }\n  ]\n}",
            "override_json": null,
            "policy_id": null,
            "source_json": null,
            "statement": [
              {
                "actions": [
                  "sts:AssumeRole"
                ],
                "condition": [],
                "effect": "Allow",
                "not_actions": [],
                "not_principals": [],
                "not_resources": [],
                "principals": [
                  {
                    "identifiers": [
                      "ec2.amazonaws.com",
                      "s3.amazonaws.com",
                      "spotfleet.amazonaws.com"
                    ],
                    "type": "Service"
                  }
                ],
                "resources": [],
                "sid": ""
              }
            ],
            "version": "2012-10-17"
          }
        }
      ]
    },
    {
      "mode": "managed",
      "type": "aws_alb",
      "name": "alb",
      "provider": "provider.aws",
      "instances": [
        {
          "schema_version": 0,
          "attributes": {
            "access_logs": [
              {
                "bucket": "",
                "enabled": false,
                "prefix": ""
              }
            ],
            "arn": "arn:aws:elasticloadbalancing:ap-northeast-1:460256653427:loadbalancer/app/example-alb/a34e928505b81ada",
            "arn_suffix": "app/example-alb/a34e928505b81ada",
            "dns_name": "example-alb-1965886011.ap-northeast-1.elb.amazonaws.com",
            "drop_invalid_header_fields": false,
            "enable_cross_zone_load_balancing": null,
            "enable_deletion_protection": false,
            "enable_http2": true,
            "id": "arn:aws:elasticloadbalancing:ap-northeast-1:460256653427:loadbalancer/app/example-alb/a34e928505b81ada",
            "idle_timeout": 60,
            "internal": false,
            "ip_address_type": "ipv4",
            "load_balancer_type": "application",
            "name": "example-alb",
            "name_prefix": null,
            "security_groups": [
              "sg-0603c645ce4cf5f89"
            ],
            "subnet_mapping": [
              {
                "allocation_id": "",
                "subnet_id": "subnet-098e5944eb1fcd880"
              },
              {
                "allocation_id": "",
                "subnet_id": "subnet-0e64ba529cf16c9e5"
              }
            ],
            "subnets": [
              "subnet-098e5944eb1fcd880",
              "subnet-0e64ba529cf16c9e5"
            ],
            "tags": null,
            "timeouts": null,
            "vpc_id": "vpc-049e9e58a4faa1af3",
            "zone_id": "Z14GRHDCWA56QT"
          },
          "private": "eyJlMmJmYjczMC1lY2FhLTExZTYtOGY4OC0zNDM2M2JjN2M0YzAiOnsiY3JlYXRlIjo2MDAwMDAwMDAwMDAsImRlbGV0ZSI6NjAwMDAwMDAwMDAwLCJ1cGRhdGUiOjYwMDAwMDAwMDAwMH19",
          "dependencies": [
            "aws_s3_bucket.alb_log",
            "aws_security_group.web-instance-sg",
            "aws_subnet.public_a",
            "aws_subnet.public_c",
            "aws_vpc.example-vpc"
          ]
        }
      ]
    },
    {
      "mode": "managed",
      "type": "aws_alb_listener",
      "name": "alb",
      "provider": "provider.aws",
      "instances": [
        {
          "schema_version": 0,
          "attributes": {
            "arn": "arn:aws:elasticloadbalancing:ap-northeast-1:460256653427:listener/app/example-alb/a34e928505b81ada/9419a9a7afe9f9f0",
            "certificate_arn": null,
            "default_action": [
              {
                "authenticate_cognito": [],
                "authenticate_oidc": [],
                "fixed_response": [],
                "forward": [],
                "order": 1,
                "redirect": [],
                "target_group_arn": "arn:aws:elasticloadbalancing:ap-northeast-1:460256653427:targetgroup/alb-example-tg/67b92e59eb310718",
                "type": "forward"
              }
            ],
            "id": "arn:aws:elasticloadbalancing:ap-northeast-1:460256653427:listener/app/example-alb/a34e928505b81ada/9419a9a7afe9f9f0",
            "load_balancer_arn": "arn:aws:elasticloadbalancing:ap-northeast-1:460256653427:loadbalancer/app/example-alb/a34e928505b81ada",
            "port": 80,
            "protocol": "HTTP",
            "ssl_policy": "",
            "timeouts": null
          },
          "private": "eyJlMmJmYjczMC1lY2FhLTExZTYtOGY4OC0zNDM2M2JjN2M0YzAiOnsicmVhZCI6NjAwMDAwMDAwMDAwfX0=",
          "dependencies": [
            "aws_alb.alb",
            "aws_alb_target_group.alb",
            "aws_s3_bucket.alb_log",
            "aws_security_group.web-instance-sg",
            "aws_subnet.public_a",
            "aws_subnet.public_c",
            "aws_vpc.example-vpc"
          ]
        }
      ]
    },
    {
      "mode": "managed",
      "type": "aws_alb_listener",
      "name": "alb_443",
      "provider": "provider.aws",
      "instances": [
        {
          "schema_version": 0,
          "attributes": {
            "arn": "arn:aws:elasticloadbalancing:ap-northeast-1:460256653427:listener/app/example-alb/a34e928505b81ada/b51ac9a0a8a16ec3",
            "certificate_arn": "arn:aws:acm:ap-northeast-1:460256653427:certificate/70809e2e-b5ca-4aee-a162-c6d6a69cf1d9",
            "default_action": [
              {
                "authenticate_cognito": [],
                "authenticate_oidc": [],
                "fixed_response": [],
                "forward": [],
                "order": 1,
                "redirect": [],
                "target_group_arn": "arn:aws:elasticloadbalancing:ap-northeast-1:460256653427:targetgroup/alb-example-tg/67b92e59eb310718",
                "type": "forward"
              }
            ],
            "id": "arn:aws:elasticloadbalancing:ap-northeast-1:460256653427:listener/app/example-alb/a34e928505b81ada/b51ac9a0a8a16ec3",
            "load_balancer_arn": "arn:aws:elasticloadbalancing:ap-northeast-1:460256653427:loadbalancer/app/example-alb/a34e928505b81ada",
            "port": 443,
            "protocol": "HTTPS",
            "ssl_policy": "ELBSecurityPolicy-2015-05",
            "timeouts": null
          },
          "private": "eyJlMmJmYjczMC1lY2FhLTExZTYtOGY4OC0zNDM2M2JjN2M0YzAiOnsicmVhZCI6NjAwMDAwMDAwMDAwfX0=",
          "dependencies": [
            "aws_alb.alb",
            "aws_alb_target_group.alb",
            "aws_s3_bucket.alb_log",
            "aws_security_group.web-instance-sg",
            "aws_subnet.public_a",
            "aws_subnet.public_c",
            "aws_vpc.example-vpc"
          ]
        }
      ]
    },
    {
      "mode": "managed",
      "type": "aws_alb_target_group",
      "name": "alb",
      "provider": "provider.aws",
      "instances": [
        {
          "schema_version": 0,
          "attributes": {
            "arn": "arn:aws:elasticloadbalancing:ap-northeast-1:460256653427:targetgroup/alb-example-tg/67b92e59eb310718",
            "arn_suffix": "targetgroup/alb-example-tg/67b92e59eb310718",
            "deregistration_delay": 300,
            "health_check": [
              {
                "enabled": true,
                "healthy_threshold": 3,
                "interval": 60,
                "matcher": "200",
                "path": "/",
                "port": "traffic-port",
                "protocol": "HTTP",
                "timeout": 20,
                "unhealthy_threshold": 4
              }
            ],
            "id": "arn:aws:elasticloadbalancing:ap-northeast-1:460256653427:targetgroup/alb-example-tg/67b92e59eb310718",
            "lambda_multi_value_headers_enabled": false,
            "load_balancing_algorithm_type": "round_robin",
            "name": "alb-example-tg",
            "name_prefix": null,
            "port": 80,
            "protocol": "HTTP",
            "proxy_protocol_v2": false,
            "slow_start": 0,
            "stickiness": [
              {
                "cookie_duration": 86400,
                "enabled": false,
                "type": "lb_cookie"
              }
            ],
            "tags": null,
            "target_type": "instance",
            "vpc_id": "vpc-049e9e58a4faa1af3"
          },
          "private": "bnVsbA==",
          "dependencies": [
            "aws_vpc.example-vpc"
          ]
        }
      ]
    },
    {
      "mode": "managed",
      "type": "aws_autoscaling_group",
      "name": "autoscaling_example",
      "provider": "provider.aws",
      "instances": [
        {
          "schema_version": 0,
          "attributes": {
            "arn": "arn:aws:autoscaling:ap-northeast-1:460256653427:autoScalingGroup:e3a590aa-302a-4aa3-afbd-49f81b1387dc:autoScalingGroupName/autoscaling_example",
            "availability_zones": [
              "ap-northeast-1a",
              "ap-northeast-1c"
            ],
            "default_cooldown": 300,
            "desired_capacity": 2,
            "enabled_metrics": null,
            "force_delete": true,
            "health_check_grace_period": 300,
            "health_check_type": "ELB",
            "id": "autoscaling_example",
            "initial_lifecycle_hook": [],
            "launch_configuration": "autoscaling_example-20200802091520513200000004",
            "launch_template": [],
            "load_balancers": [],
            "max_instance_lifetime": 0,
            "max_size": 2,
            "metrics_granularity": "1Minute",
            "min_elb_capacity": null,
            "min_size": 2,
            "mixed_instances_policy": [],
            "name": "autoscaling_example",
            "name_prefix": null,
            "placement_group": "",
            "protect_from_scale_in": false,
            "service_linked_role_arn": "arn:aws:iam::460256653427:role/aws-service-role/autoscaling.amazonaws.com/AWSServiceRoleForAutoScaling",
            "suspended_processes": null,
            "tag": [],
            "tags": null,
            "target_group_arns": [
              "arn:aws:elasticloadbalancing:ap-northeast-1:460256653427:targetgroup/alb-example-tg/67b92e59eb310718"
            ],
            "termination_policies": null,
            "timeouts": null,
            "vpc_zone_identifier": [
              "subnet-098e5944eb1fcd880",
              "subnet-0e64ba529cf16c9e5"
            ],
            "wait_for_capacity_timeout": "10m",
            "wait_for_elb_capacity": null
          },
          "private": "eyJlMmJmYjczMC1lY2FhLTExZTYtOGY4OC0zNDM2M2JjN2M0YzAiOnsiZGVsZXRlIjo2MDAwMDAwMDAwMDB9fQ==",
          "dependencies": [
            "aws_alb_target_group.alb",
            "aws_iam_instance_profile.systems_manager",
            "aws_iam_role.role",
            "aws_key_pair.ssh-key",
            "aws_launch_configuration.autoscaling_example",
            "aws_security_group.web-instance-sg",
            "aws_subnet.public_a",
            "aws_subnet.public_c",
            "aws_vpc.example-vpc"
          ]
        }
      ]
    },
    {
      "mode": "managed",
      "type": "aws_autoscaling_schedule",
      "name": "weekdays-shutdown",
      "provider": "provider.aws",
      "instances": [
        {
          "schema_version": 0,
          "attributes": {
            "arn": "arn:aws:autoscaling:ap-northeast-1:460256653427:scheduledUpdateGroupAction:4dc806dd-2ae2-4830-a879-26e7ea957461:autoScalingGroupName/autoscaling_example:scheduledActionName/weekdays-shutdown",
            "autoscaling_group_name": "autoscaling_example",
            "desired_capacity": 0,
            "end_time": null,
            "id": "weekdays-shutdown",
            "max_size": 0,
            "min_size": 0,
            "recurrence": "00 12 * * MON-FRI",
            "scheduled_action_name": "weekdays-shutdown",
            "start_time": "2020-08-03T12:00:00Z"
          },
          "private": "bnVsbA==",
          "dependencies": [
            "aws_alb_target_group.alb",
            "aws_autoscaling_group.autoscaling_example",
            "aws_iam_instance_profile.systems_manager",
            "aws_iam_role.role",
            "aws_key_pair.ssh-key",
            "aws_launch_configuration.autoscaling_example",
            "aws_security_group.web-instance-sg",
            "aws_subnet.public_a",
            "aws_subnet.public_c",
            "aws_vpc.example-vpc"
          ]
        }
      ]
    },
    {
      "mode": "managed",
      "type": "aws_autoscaling_schedule",
      "name": "weekdays-startup",
      "provider": "provider.aws",
      "instances": [
        {
          "schema_version": 0,
          "attributes": {
            "arn": "arn:aws:autoscaling:ap-northeast-1:460256653427:scheduledUpdateGroupAction:363ac016-ef15-4219-ab12-e0aaa3072083:autoScalingGroupName/autoscaling_example:scheduledActionName/weekdays-startup",
            "autoscaling_group_name": "autoscaling_example",
            "desired_capacity": 2,
            "end_time": null,
            "id": "weekdays-startup",
            "max_size": 2,
            "min_size": 2,
            "recurrence": "00 19 * * MON-FRI",
            "scheduled_action_name": "weekdays-startup",
            "start_time": "2020-08-03T19:00:00Z"
          },
          "private": "bnVsbA==",
          "dependencies": [
            "aws_alb_target_group.alb",
            "aws_autoscaling_group.autoscaling_example",
            "aws_iam_instance_profile.systems_manager",
            "aws_iam_role.role",
            "aws_key_pair.ssh-key",
            "aws_launch_configuration.autoscaling_example",
            "aws_security_group.web-instance-sg",
            "aws_subnet.public_a",
            "aws_subnet.public_c",
            "aws_vpc.example-vpc"
          ]
        }
      ]
    },
    {
      "mode": "managed",
      "type": "aws_iam_instance_profile",
      "name": "systems_manager",
      "provider": "provider.aws",
      "instances": [
        {
          "schema_version": 0,
          "attributes": {
            "arn": "arn:aws:iam::460256653427:instance-profile/ssm-spot-profile",
            "create_date": "2020-08-02T09:15:18Z",
            "id": "ssm-spot-profile",
            "name": "ssm-spot-profile",
            "name_prefix": null,
            "path": "/",
            "role": "ec2_assumerole",
            "roles": [],
            "unique_id": "AIPAWWKLPGBZTJGZG2GG5"
          },
          "private": "bnVsbA==",
          "dependencies": [
            "aws_iam_role.role"
          ]
        }
      ]
    },
    {
      "mode": "managed",
      "type": "aws_iam_role",
      "name": "role",
      "provider": "provider.aws",
      "instances": [
        {
          "schema_version": 0,
          "attributes": {
            "arn": "arn:aws:iam::460256653427:role/ec2_assumerole",
            "assume_role_policy": "{\"Version\":\"2012-10-17\",\"Statement\":[{\"Sid\":\"\",\"Effect\":\"Allow\",\"Principal\":{\"Service\":[\"s3.amazonaws.com\",\"ec2.amazonaws.com\",\"spotfleet.amazonaws.com\"]},\"Action\":\"sts:AssumeRole\"}]}",
            "create_date": "2020-08-02T09:15:16Z",
            "description": "",
            "force_detach_policies": false,
            "id": "ec2_assumerole",
            "max_session_duration": 3600,
            "name": "ec2_assumerole",
            "name_prefix": null,
            "path": "/",
            "permissions_boundary": null,
            "tags": null,
            "unique_id": "AROAWWKLPGBZ7OF4SH4K3"
          },
          "private": "bnVsbA=="
        }
      ]
    },
    {
      "mode": "managed",
      "type": "aws_iam_role_policy_attachment",
      "name": "role-policy-attachment",
      "each": "map",
      "provider": "provider.aws",
      "instances": [
        {
          "index_key": "arn:aws:iam::aws:policy/AmazonS3ReadOnlyAccess",
          "schema_version": 0,
          "attributes": {
            "id": "ec2_assumerole-20200802091518746000000003",
            "policy_arn": "arn:aws:iam::aws:policy/AmazonS3ReadOnlyAccess",
            "role": "ec2_assumerole"
          },
          "private": "bnVsbA==",
          "dependencies": [
            "aws_iam_role.role"
          ]
        },
        {
          "index_key": "arn:aws:iam::aws:policy/AmazonSSMManagedInstanceCore",
          "schema_version": 0,
          "attributes": {
            "id": "ec2_assumerole-20200802091518719600000001",
            "policy_arn": "arn:aws:iam::aws:policy/AmazonSSMManagedInstanceCore",
            "role": "ec2_assumerole"
          },
          "private": "bnVsbA==",
          "dependencies": [
            "aws_iam_role.role"
          ]
        },
        {
          "index_key": "arn:aws:iam::aws:policy/service-role/AmazonEC2SpotFleetTaggingRole",
          "schema_version": 0,
          "attributes": {
            "id": "ec2_assumerole-20200802091518734000000002",
            "policy_arn": "arn:aws:iam::aws:policy/service-role/AmazonEC2SpotFleetTaggingRole",
            "role": "ec2_assumerole"
          },
          "private": "bnVsbA==",
          "dependencies": [
            "aws_iam_role.role"
          ]
        }
      ]
    },
    {
      "mode": "managed",
      "type": "aws_internet_gateway",
      "name": "example-vpc-ig",
      "provider": "provider.aws",
      "instances": [
        {
          "schema_version": 0,
          "attributes": {
            "arn": "arn:aws:ec2:ap-northeast-1:460256653427:internet-gateway/igw-026b1068b1662a7aa",
            "id": "igw-026b1068b1662a7aa",
            "owner_id": "460256653427",
            "tags": null,
            "vpc_id": "vpc-049e9e58a4faa1af3"
          },
          "private": "bnVsbA==",
          "dependencies": [
            "aws_vpc.example-vpc"
          ]
        }
      ]
    },
    {
      "mode": "managed",
      "type": "aws_key_pair",
      "name": "ssh-key",
      "provider": "provider.aws",
      "instances": [
        {
          "schema_version": 1,
          "attributes": {
            "arn": "arn:aws:ec2:ap-northeast-1:460256653427:key-pair/example-operation-pubkey",
            "fingerprint": "99:5a:61:de:55:ef:19:90:91:68:19:a5:78:42:2d:e3",
            "id": "example-operation-pubkey",
            "key_name": "example-operation-pubkey",
            "key_name_prefix": null,
            "key_pair_id": "key-05b8047b4ee15a9bf",
            "public_key": "ssh-rsa AAAAB3NzaC1yc2EAAAADAQABAAACAQCY8jClrol4MWygO7/BdBCVUySkgBB3t4RIo/p+JO0g7QyA5H93d+nfBwrcx9XDueVRCXxlZT4ARITFMoiSxiD1cyat0h0Tg63uLveUBoUf5ckfnh9+l7b03f7AO9qpNfNOQ0NHafm66s9noFvmphFFPffUNeNEvyka8/BjgdhYCLBclUUWzBczghn57xd5MeytUQf0R8mvxp23y/VzwVfYT9aza7sbTbx45bnEKRvTLeZMeNsR5Mi1hIREzTWuo8Ed/6GAKSx8idcUaeDxOUqH+vPW8X7MUDigdDG0rtKihgW39xZR8m+0cWy+COV4BuHDQ39VSSDSJcRulAll3AICT+I0cc8BfOfp+rDShbssqjooEMYZ9QfQ4r0UT1LyXS+xoLJWhoONin12vRBTNlTzJjWHflVc8LZtD1jWPiYIskVKudVuRUOzhkzakeqWRYaexE7JBiPIMpkWUkqiBe8EoVG+U7UeEKMGx08JFUJXJq+xo4xhX6oF3Hg5Y/GICaQSxHiuCX/dJGB3IekvpTmdovHKBGDnowb8F4yybkvfiUAYDmANk+7tvt6lUvuo0e1/L5lhxW60x2/2/wAOHoI2Q9XXTyon4WdewjbIl/BAZDpvDzV9lqxRwBtA2fxaqttzba8VF3sTQPTsQQkjcnbmGgkRaK6s9qqmvIQ1zfTBQw== your_email@example.com",
            "tags": null
          },
          "private": "eyJzY2hlbWFfdmVyc2lvbiI6IjEifQ=="
        }
      ]
    },
    {
      "mode": "managed",
      "type": "aws_launch_configuration",
      "name": "autoscaling_example",
      "provider": "provider.aws",
      "instances": [
        {
          "schema_version": 0,
          "attributes": {
            "arn": "arn:aws:autoscaling:ap-northeast-1:460256653427:launchConfiguration:da1733da-bf4a-4075-965e-dca8d1ead7fd:launchConfigurationName/autoscaling_example-20200802091520513200000004",
            "associate_public_ip_address": true,
            "ebs_block_device": [],
            "ebs_optimized": false,
            "enable_monitoring": true,
            "ephemeral_block_device": [],
            "iam_instance_profile": "ssm-spot-profile",
            "id": "autoscaling_example-20200802091520513200000004",
            "image_id": "ami-0cfa3caed4b487e77",
            "instance_type": "t3.nano",
            "key_name": "example-operation-pubkey",
            "name": "autoscaling_example-20200802091520513200000004",
            "name_prefix": "autoscaling_example-",
            "placement_tenancy": null,
            "root_block_device": [],
            "security_groups": [
              "sg-0603c645ce4cf5f89"
            ],
            "spot_price": "",
            "user_data": "55a87a9bfbc1b5c67b4e535a54a27444a303ac6c",
            "user_data_base64": null,
            "vpc_classic_link_id": "",
            "vpc_classic_link_security_groups": null
          },
          "private": "bnVsbA==",
          "dependencies": [
            "aws_iam_instance_profile.systems_manager",
            "aws_iam_role.role",
            "aws_key_pair.ssh-key",
            "aws_security_group.web-instance-sg",
            "aws_vpc.example-vpc"
          ]
        }
      ]
    },
    {
      "mode": "managed",
      "type": "aws_route_table",
      "name": "public",
      "provider": "provider.aws",
      "instances": [
        {
          "schema_version": 0,
          "attributes": {
            "id": "rtb-0ffa41dcf37255270",
            "owner_id": "460256653427",
            "propagating_vgws": [],
            "route": [
              {
                "cidr_block": "0.0.0.0/0",
                "egress_only_gateway_id": "",
                "gateway_id": "igw-026b1068b1662a7aa",
                "instance_id": "",
                "ipv6_cidr_block": "",
                "nat_gateway_id": "",
                "network_interface_id": "",
                "transit_gateway_id": "",
                "vpc_peering_connection_id": ""
              }
            ],
            "tags": {
              "Name": "public"
            },
            "vpc_id": "vpc-049e9e58a4faa1af3"
          },
          "private": "bnVsbA==",
          "dependencies": [
            "aws_internet_gateway.example-vpc-ig",
            "aws_vpc.example-vpc"
          ]
        }
      ]
    },
    {
      "mode": "managed",
      "type": "aws_route_table_association",
      "name": "public_a",
      "provider": "provider.aws",
      "instances": [
        {
          "schema_version": 0,
          "attributes": {
            "gateway_id": null,
            "id": "rtbassoc-03edadac5c059c316",
            "route_table_id": "rtb-0ffa41dcf37255270",
            "subnet_id": "subnet-098e5944eb1fcd880"
          },
          "private": "bnVsbA==",
          "dependencies": [
            "aws_internet_gateway.example-vpc-ig",
            "aws_route_table.public",
            "aws_subnet.public_a",
            "aws_vpc.example-vpc"
          ]
        }
      ]
    },
    {
      "mode": "managed",
      "type": "aws_route_table_association",
      "name": "public_c",
      "provider": "provider.aws",
      "instances": [
        {
          "schema_version": 0,
          "attributes": {
            "gateway_id": null,
            "id": "rtbassoc-0f87aceac500c4ddc",
            "route_table_id": "rtb-0ffa41dcf37255270",
            "subnet_id": "subnet-0e64ba529cf16c9e5"
          },
          "private": "bnVsbA==",
          "dependencies": [
            "aws_internet_gateway.example-vpc-ig",
            "aws_route_table.public",
            "aws_subnet.public_c",
            "aws_vpc.example-vpc"
          ]
        }
      ]
    },
    {
      "mode": "managed",
      "type": "aws_s3_bucket",
      "name": "alb_log",
      "provider": "provider.aws",
      "instances": [
        {
          "schema_version": 0,
          "attributes": {
            "acceleration_status": "",
            "acl": "private",
            "arn": "arn:aws:s3:::rails-example-alb-log",
            "bucket": "rails-example-alb-log",
            "bucket_domain_name": "rails-example-alb-log.s3.amazonaws.com",
            "bucket_prefix": null,
            "bucket_regional_domain_name": "rails-example-alb-log.s3.ap-northeast-1.amazonaws.com",
            "cors_rule": [],
            "force_destroy": false,
            "grant": [],
            "hosted_zone_id": "Z2M4EHUR26P7ZW",
            "id": "rails-example-alb-log",
            "lifecycle_rule": [],
            "logging": [],
            "object_lock_configuration": [],
            "policy": "{\"Statement\":[{\"Action\":\"s3:PutObject\",\"Effect\":\"Allow\",\"Principal\":{\"AWS\":\"arn:aws:iam::582318560864:root\"},\"Resource\":\"arn:aws:s3:::rails-example-alb-log/*\",\"Sid\":\"\"}],\"Version\":\"2012-10-17\"}",
            "region": "ap-northeast-1",
            "replication_configuration": [],
            "request_payer": "BucketOwner",
            "server_side_encryption_configuration": [],
            "tags": null,
            "versioning": [
              {
                "enabled": false,
                "mfa_delete": false
              }
            ],
            "website": [],
            "website_domain": null,
            "website_endpoint": null
          },
          "private": "bnVsbA=="
        }
      ]
    },
    {
      "mode": "managed",
      "type": "aws_s3_bucket_public_access_block",
      "name": "alb_log",
      "provider": "provider.aws",
      "instances": [
        {
          "schema_version": 0,
          "attributes": {
            "block_public_acls": true,
            "block_public_policy": true,
            "bucket": "rails-example-alb-log",
            "id": "rails-example-alb-log",
            "ignore_public_acls": true,
            "restrict_public_buckets": true
          },
          "private": "bnVsbA==",
          "dependencies": [
            "aws_s3_bucket.alb_log"
          ]
        }
      ]
    },
    {
      "mode": "managed",
      "type": "aws_security_group",
      "name": "web-instance-sg",
      "provider": "provider.aws",
      "instances": [
        {
          "schema_version": 1,
          "attributes": {
            "arn": "arn:aws:ec2:ap-northeast-1:460256653427:security-group/sg-0603c645ce4cf5f89",
            "description": "Managed by Terraform",
            "egress": [
              {
                "cidr_blocks": [
                  "0.0.0.0/0"
                ],
                "description": "",
                "from_port": 0,
                "ipv6_cidr_blocks": [],
                "prefix_list_ids": [],
                "protocol": "-1",
                "security_groups": [],
                "self": false,
                "to_port": 0
              }
            ],
            "id": "sg-0603c645ce4cf5f89",
            "ingress": [
              {
                "cidr_blocks": [
                  "0.0.0.0/0"
                ],
                "description": "",
                "from_port": 443,
                "ipv6_cidr_blocks": [],
                "prefix_list_ids": [],
                "protocol": "tcp",
                "security_groups": [],
                "self": false,
                "to_port": 443
              },
              {
                "cidr_blocks": [
                  "0.0.0.0/0"
                ],
                "description": "",
                "from_port": 80,
                "ipv6_cidr_blocks": [],
                "prefix_list_ids": [],
                "protocol": "tcp",
                "security_groups": [],
                "self": false,
                "to_port": 80
              }
            ],
            "name": "web-instance-sg",
            "name_prefix": null,
            "owner_id": "460256653427",
            "revoke_rules_on_delete": false,
            "tags": null,
            "timeouts": null,
            "vpc_id": "vpc-049e9e58a4faa1af3"
          },
          "private": "eyJlMmJmYjczMC1lY2FhLTExZTYtOGY4OC0zNDM2M2JjN2M0YzAiOnsiY3JlYXRlIjo2MDAwMDAwMDAwMDAsImRlbGV0ZSI6NjAwMDAwMDAwMDAwfSwic2NoZW1hX3ZlcnNpb24iOiIxIn0=",
          "dependencies": [
            "aws_vpc.example-vpc"
          ]
        }
      ]
    },
    {
      "mode": "managed",
      "type": "aws_subnet",
      "name": "public_a",
      "provider": "provider.aws",
      "instances": [
        {
          "schema_version": 1,
          "attributes": {
            "arn": "arn:aws:ec2:ap-northeast-1:460256653427:subnet/subnet-098e5944eb1fcd880",
            "assign_ipv6_address_on_creation": false,
            "availability_zone": "ap-northeast-1a",
            "availability_zone_id": "apne1-az4",
            "cidr_block": "10.10.1.0/24",
            "id": "subnet-098e5944eb1fcd880",
            "ipv6_cidr_block": "",
            "ipv6_cidr_block_association_id": "",
            "map_public_ip_on_launch": false,
            "outpost_arn": "",
            "owner_id": "460256653427",
            "tags": {
              "Name": "public-a"
            },
            "timeouts": null,
            "vpc_id": "vpc-049e9e58a4faa1af3"
          },
          "private": "eyJlMmJmYjczMC1lY2FhLTExZTYtOGY4OC0zNDM2M2JjN2M0YzAiOnsiY3JlYXRlIjo2MDAwMDAwMDAwMDAsImRlbGV0ZSI6MTIwMDAwMDAwMDAwMH0sInNjaGVtYV92ZXJzaW9uIjoiMSJ9",
          "dependencies": [
            "aws_vpc.example-vpc"
          ]
        }
      ]
    },
    {
      "mode": "managed",
      "type": "aws_subnet",
      "name": "public_c",
      "provider": "provider.aws",
      "instances": [
        {
          "schema_version": 1,
          "attributes": {
            "arn": "arn:aws:ec2:ap-northeast-1:460256653427:subnet/subnet-0e64ba529cf16c9e5",
            "assign_ipv6_address_on_creation": false,
            "availability_zone": "ap-northeast-1c",
            "availability_zone_id": "apne1-az1",
            "cidr_block": "10.10.2.0/24",
            "id": "subnet-0e64ba529cf16c9e5",
            "ipv6_cidr_block": "",
            "ipv6_cidr_block_association_id": "",
            "map_public_ip_on_launch": false,
            "outpost_arn": "",
            "owner_id": "460256653427",
            "tags": {
              "Name": "public-c"
            },
            "timeouts": null,
            "vpc_id": "vpc-049e9e58a4faa1af3"
          },
          "private": "eyJlMmJmYjczMC1lY2FhLTExZTYtOGY4OC0zNDM2M2JjN2M0YzAiOnsiY3JlYXRlIjo2MDAwMDAwMDAwMDAsImRlbGV0ZSI6MTIwMDAwMDAwMDAwMH0sInNjaGVtYV92ZXJzaW9uIjoiMSJ9",
          "dependencies": [
            "aws_vpc.example-vpc"
          ]
        }
      ]
    },
    {
      "mode": "managed",
      "type": "aws_vpc",
      "name": "example-vpc",
      "provider": "provider.aws",
      "instances": [
        {
          "schema_version": 1,
          "attributes": {
            "arn": "arn:aws:ec2:ap-northeast-1:460256653427:vpc/vpc-049e9e58a4faa1af3",
            "assign_generated_ipv6_cidr_block": false,
            "cidr_block": "10.10.0.0/16",
            "default_network_acl_id": "acl-06e3bd2b651a2bc2c",
            "default_route_table_id": "rtb-004839555eb0cd420",
            "default_security_group_id": "sg-09802de28308b3de2",
            "dhcp_options_id": "dopt-029e59b706aa58c0e",
            "enable_classiclink": false,
            "enable_classiclink_dns_support": false,
            "enable_dns_hostnames": true,
            "enable_dns_support": true,
            "id": "vpc-049e9e58a4faa1af3",
            "instance_tenancy": "default",
            "ipv6_association_id": "",
            "ipv6_cidr_block": "",
            "main_route_table_id": "rtb-004839555eb0cd420",
            "owner_id": "460256653427",
            "tags": {
              "Name": "example-vpc"
            }
          },
          "private": "eyJzY2hlbWFfdmVyc2lvbiI6IjEifQ=="
        }
      ]
    }
  ]
}
